
Microsoft Visual Studio Solution File, Format Version 12.00
# Visual Studio Version 17
VisualStudioVersion = 17.14.36915.13 d17.14
MinimumVisualStudioVersion = 10.0.40219.1
Project("{FAE04EC0-301F-11D3-BF4B-00C04F79EFBC}") = "WebApplication2", "WebApplication2\WebApplication2.csproj", "{0F9A6834-4878-409D-BB95-FCB9DA605123}"
EndProject
Global
	GlobalSection(SolutionConfigurationPlatforms) = preSolution
		Debug|Any CPU = Debug|Any CPU
		Release|Any CPU = Release|Any CPU
	EndGlobalSection
	GlobalSection(ProjectConfigurationPlatforms) = postSolution
		{0F9A6834-4878-409D-BB95-FCB9DA605123}.Debug|Any CPU.ActiveCfg = Debug|Any CPU
		{0F9A6834-4878-409D-BB95-FCB9DA605123}.Debug|Any CPU.Build.0 = Debug|Any CPU
		{0F9A6834-4878-409D-BB95-FCB9DA605123}.Release|Any CPU.ActiveCfg = Release|Any CPU
		{0F9A6834-4878-409D-BB95-FCB9DA605123}.Release|Any CPU.Build.0 = Release|Any CPU
	EndGlobalSection
	GlobalSection(SolutionProperties) = preSolution
		HideSolutionNode = FALSE
	EndGlobalSection
	GlobalSection(ExtensibilityGlobals) = postSolution
		SolutionGuid = {12D90C82-B8A4-4129-BBDD-FA227071DC1D}
	EndGlobalSection
EndGlobal
